
Microsoft Visual Studio Solution File, Format Version 12.00
# Visual Studio Version 17
VisualStudioVersion = 17.0.31912.275
MinimumVisualStudioVersion = 10.0.40219.1
Project("{2150E333-8FDC-42A3-9474-1A3956D46DE8}") = "1-App.Platform", "1-App.Platform", "{0BD291DE-A83F-4793-9939-67061BDEF1AE}"
EndProject
Project("{9A19103F-16F7-4668-BE54-9A1E7A4F7556}") = "XCloud.Test", "XCloud.Test\XCloud.Test.csproj", "{D1CE97FB-6FE8-4A68-8BE8-B76C6F544F27}"
EndProject
Project("{9A19103F-16F7-4668-BE54-9A1E7A4F7556}") = "XCloud.Platform.Member.Application", "XCloud.Platform.Member.Application\XCloud.Platform.Member.Application.csproj", "{9B589BD2-45A4-4595-B89E-385E0FF71CE5}"
EndProject
Project("{9A19103F-16F7-4668-BE54-9A1E7A4F7556}") = "XCloud.Core", "XCloud.Core\XCloud.Core.csproj", "{8F906F51-6858-4283-8723-98F49C9342E7}"
EndProject
Project("{2150E333-8FDC-42A3-9474-1A3956D46DE8}") = "1-Infrastructures", "1-Infrastructures", "{DBA64623-FC26-4CA5-B552-4268B3F118EA}"
EndProject
Project("{2150E333-8FDC-42A3-9474-1A3956D46DE8}") = "99-UnitTest", "99-UnitTest", "{E76CA1A8-F71D-4E84-BE93-5F6E54FF7D79}"
EndProject
Project("{9A19103F-16F7-4668-BE54-9A1E7A4F7556}") = "XCloud.Gateway.Server", "XCloud.Gateway.Server\XCloud.Gateway.Server.csproj", "{F5DC70F6-C7A9-4FC9-9B3D-70CDC0FA1946}"
EndProject
Project("{9A19103F-16F7-4668-BE54-9A1E7A4F7556}") = "XCloud.Platform.AuthServer", "XCloud.Platform.AuthServer\XCloud.Platform.AuthServer.csproj", "{DBFE1BB1-DD46-42A3-99D2-5BFD9D9C7796}"
EndProject
Project("{9A19103F-16F7-4668-BE54-9A1E7A4F7556}") = "XCloud.Logging", "XCloud.Logging\XCloud.Logging.csproj", "{2F5BE0B6-0571-4EBA-A0A6-0B9D6CD2AEDE}"
EndProject
Project("{9A19103F-16F7-4668-BE54-9A1E7A4F7556}") = "XCloud.Job", "XCloud.Job\XCloud.Job.csproj", "{995F77E7-DCCC-494B-BC7E-92F078BBC797}"
EndProject
Project("{9A19103F-16F7-4668-BE54-9A1E7A4F7556}") = "XCloud.Redis", "XCloud.Redis\XCloud.Redis.csproj", "{81951D3E-12D4-44C3-B570-AB9FCC6D844D}"
EndProject
Project("{9A19103F-16F7-4668-BE54-9A1E7A4F7556}") = "XCloud.Platform.Api", "XCloud.Platform.Api\XCloud.Platform.Api.csproj", "{2C9B4E83-1A77-496B-8D00-C549A9B50964}"
EndProject
Project("{9A19103F-16F7-4668-BE54-9A1E7A4F7556}") = "XCloud.Platform.Common.Application", "XCloud.Platform.Common.Application\XCloud.Platform.Common.Application.csproj", "{29093412-65F1-4C41-BC38-45329DFF44F5}"
EndProject
Project("{9A19103F-16F7-4668-BE54-9A1E7A4F7556}") = "XCloud.Platform.Auth", "XCloud.Platform.Auth\XCloud.Platform.Auth.csproj", "{03D1C2F2-CD6D-4837-9973-0D53D00BC30F}"
EndProject
Project("{9A19103F-16F7-4668-BE54-9A1E7A4F7556}") = "XCloud.AspNetMvc", "XCloud.AspNetMvc\XCloud.AspNetMvc.csproj", "{0603586F-6702-4DA3-92EB-54C53EA3B078}"
EndProject
Project("{9A19103F-16F7-4668-BE54-9A1E7A4F7556}") = "XCloud.Platform.Shared", "XCloud.Platform.Shared\XCloud.Platform.Shared.csproj", "{BE993E5D-237D-4BCF-9F66-1DD2943B9502}"
EndProject
Project("{9A19103F-16F7-4668-BE54-9A1E7A4F7556}") = "XCloud.Database.EntityFrameworkCore", "XCloud.Database.EntityFrameworkCore\XCloud.Database.EntityFrameworkCore.csproj", "{D6F9C8D7-2783-4A4E-9C09-3FFFAF77C654}"
EndProject
Project("{9A19103F-16F7-4668-BE54-9A1E7A4F7556}") = "XCloud.Elasticsearch", "XCloud.Elasticsearch\XCloud.Elasticsearch.csproj", "{E4CC6F44-FB6B-4878-96DE-902BBD5EE96F}"
EndProject
Project("{9A19103F-16F7-4668-BE54-9A1E7A4F7556}") = "XCloud.Database.EntityFrameworkCore.MySQL", "XCloud.Database.EntityFrameworkCore.MySQL\XCloud.Database.EntityFrameworkCore.MySQL.csproj", "{B5057FBA-D44E-47DD-B7E5-E7385AB3F29C}"
EndProject
Project("{2150E333-8FDC-42A3-9474-1A3956D46DE8}") = "2-Frameworks", "2-Frameworks", "{257D5B79-EC20-492B-A214-6B9D76C0013B}"
EndProject
Project("{2150E333-8FDC-42A3-9474-1A3956D46DE8}") = "3-Application", "3-Application", "{AE1D64E9-2D68-45BB-8299-3581B65C6E04}"
EndProject
Project("{9A19103F-16F7-4668-BE54-9A1E7A4F7556}") = "XCloud.MessageBus", "XCloud.MessageBus\XCloud.MessageBus.csproj", "{64A15D8F-EAA8-4D31-9063-91D17F885962}"
EndProject
Project("{9A19103F-16F7-4668-BE54-9A1E7A4F7556}") = "XCloud.Platform.Connection.WeChat", "XCloud.Platform.Connection.WeChat\XCloud.Platform.Connection.WeChat.csproj", "{1422FEFE-B224-49D2-BF16-C0AEC7727CE1}"
EndProject
Project("{9A19103F-16F7-4668-BE54-9A1E7A4F7556}") = "XCloud.Platform.OpenIdServer", "XCloud.Platform.OpenIdServer\XCloud.Platform.OpenIdServer.csproj", "{FE6BE23C-98B3-4053-953B-E3B2B7A2954B}"
EndProject
Project("{9A19103F-16F7-4668-BE54-9A1E7A4F7556}") = "XCloud.Application", "XCloud.Application\XCloud.Application.csproj", "{AC17362A-0F54-4FAD-81E1-4F938101285B}"
EndProject
Project("{2150E333-8FDC-42A3-9474-1A3956D46DE8}") = "2-App.Sales", "2-App.Sales", "{A0BFE7FA-9ADA-4415-9311-29F61DD42D7D}"
EndProject
Project("{9A19103F-16F7-4668-BE54-9A1E7A4F7556}") = "XCloud.Sales", "XCloud.Sales\XCloud.Sales\XCloud.Sales.csproj", "{3214DE15-7DA2-4132-8781-FD14B4A2FE17}"
EndProject
Project("{9A19103F-16F7-4668-BE54-9A1E7A4F7556}") = "XCloud.Sales.Mall.Api", "XCloud.Sales\XCloud.Sales.Mall.Api\XCloud.Sales.Mall.Api.csproj", "{1560DF49-EC11-4900-92F7-2B5CBFB6568B}"
EndProject
Project("{2150E333-8FDC-42A3-9474-1A3956D46DE8}") = "Applications", "Applications", "{6F974FDB-D7E4-44E0-9DD6-415C03F605BD}"
EndProject
Project("{FAE04EC0-301F-11D3-BF4B-00C04F79EFBC}") = "XCloud.Gateway", "XCloud.Gateway\XCloud.Gateway.csproj", "{65490C09-272E-420F-9FB0-BF3C25E1BF80}"
EndProject
Project("{FAE04EC0-301F-11D3-BF4B-00C04F79EFBC}") = "XCloud.Platform.Core", "XCloud.Platform.Core\XCloud.Platform.Core.csproj", "{3A8568FF-104A-4F4F-88E3-F781073424E5}"
EndProject
Project("{2150E333-8FDC-42A3-9474-1A3956D46DE8}") = "Platform", "Platform", "{0652817C-6052-49A2-BD7C-368994BD023A}"
EndProject
Project("{2150E333-8FDC-42A3-9474-1A3956D46DE8}") = "Auth", "Auth", "{DD5C07DE-BB01-4414-A455-D83BD4F333A6}"
EndProject
Project("{2150E333-8FDC-42A3-9474-1A3956D46DE8}") = "Connect", "Connect", "{4626CEC8-F120-4AEA-9286-A23625E33CA8}"
EndProject
Project("{FAE04EC0-301F-11D3-BF4B-00C04F79EFBC}") = "XCloud.Platform.Framework", "XCloud.Platform.Framework\XCloud.Platform.Framework.csproj", "{29B3EABD-5645-488C-8880-2F4AFF52F039}"
EndProject
Project("{FAE04EC0-301F-11D3-BF4B-00C04F79EFBC}") = "XCloud.Platform.Data", "XCloud.Platform.Data\XCloud.Platform.Data.csproj", "{7C4B7A61-A12C-4002-9F79-1642CB328CF2}"
EndProject
Project("{FAE04EC0-301F-11D3-BF4B-00C04F79EFBC}") = "XCloud.Platform.Data.EntityFrameworkCore", "XCloud.Platform.Data.EntityFrameworkCore\XCloud.Platform.Data.EntityFrameworkCore.csproj", "{A1F12306-AA36-40D2-A8D5-05191D334FFE}"
EndProject
Global
	GlobalSection(SolutionConfigurationPlatforms) = preSolution
		Debug|Any CPU = Debug|Any CPU
		Release|Any CPU = Release|Any CPU
	EndGlobalSection
	GlobalSection(ProjectConfigurationPlatforms) = postSolution
		{D1CE97FB-6FE8-4A68-8BE8-B76C6F544F27}.Debug|Any CPU.ActiveCfg = Debug|Any CPU
		{D1CE97FB-6FE8-4A68-8BE8-B76C6F544F27}.Debug|Any CPU.Build.0 = Debug|Any CPU
		{D1CE97FB-6FE8-4A68-8BE8-B76C6F544F27}.Release|Any CPU.ActiveCfg = Release|Any CPU
		{D1CE97FB-6FE8-4A68-8BE8-B76C6F544F27}.Release|Any CPU.Build.0 = Release|Any CPU
		{9B589BD2-45A4-4595-B89E-385E0FF71CE5}.Debug|Any CPU.ActiveCfg = Debug|Any CPU
		{9B589BD2-45A4-4595-B89E-385E0FF71CE5}.Debug|Any CPU.Build.0 = Debug|Any CPU
		{9B589BD2-45A4-4595-B89E-385E0FF71CE5}.Release|Any CPU.ActiveCfg = Release|Any CPU
		{9B589BD2-45A4-4595-B89E-385E0FF71CE5}.Release|Any CPU.Build.0 = Release|Any CPU
		{8F906F51-6858-4283-8723-98F49C9342E7}.Debug|Any CPU.ActiveCfg = Debug|Any CPU
		{8F906F51-6858-4283-8723-98F49C9342E7}.Debug|Any CPU.Build.0 = Debug|Any CPU
		{8F906F51-6858-4283-8723-98F49C9342E7}.Release|Any CPU.ActiveCfg = Release|Any CPU
		{8F906F51-6858-4283-8723-98F49C9342E7}.Release|Any CPU.Build.0 = Release|Any CPU
		{F5DC70F6-C7A9-4FC9-9B3D-70CDC0FA1946}.Debug|Any CPU.ActiveCfg = Debug|Any CPU
		{F5DC70F6-C7A9-4FC9-9B3D-70CDC0FA1946}.Debug|Any CPU.Build.0 = Debug|Any CPU
		{F5DC70F6-C7A9-4FC9-9B3D-70CDC0FA1946}.Release|Any CPU.ActiveCfg = Release|Any CPU
		{F5DC70F6-C7A9-4FC9-9B3D-70CDC0FA1946}.Release|Any CPU.Build.0 = Release|Any CPU
		{DBFE1BB1-DD46-42A3-99D2-5BFD9D9C7796}.Debug|Any CPU.ActiveCfg = Debug|Any CPU
		{DBFE1BB1-DD46-42A3-99D2-5BFD9D9C7796}.Debug|Any CPU.Build.0 = Debug|Any CPU
		{DBFE1BB1-DD46-42A3-99D2-5BFD9D9C7796}.Release|Any CPU.ActiveCfg = Release|Any CPU
		{DBFE1BB1-DD46-42A3-99D2-5BFD9D9C7796}.Release|Any CPU.Build.0 = Release|Any CPU
		{2F5BE0B6-0571-4EBA-A0A6-0B9D6CD2AEDE}.Debug|Any CPU.ActiveCfg = Debug|Any CPU
		{2F5BE0B6-0571-4EBA-A0A6-0B9D6CD2AEDE}.Debug|Any CPU.Build.0 = Debug|Any CPU
		{2F5BE0B6-0571-4EBA-A0A6-0B9D6CD2AEDE}.Release|Any CPU.ActiveCfg = Release|Any CPU
		{2F5BE0B6-0571-4EBA-A0A6-0B9D6CD2AEDE}.Release|Any CPU.Build.0 = Release|Any CPU
		{995F77E7-DCCC-494B-BC7E-92F078BBC797}.Debug|Any CPU.ActiveCfg = Debug|Any CPU
		{995F77E7-DCCC-494B-BC7E-92F078BBC797}.Debug|Any CPU.Build.0 = Debug|Any CPU
		{995F77E7-DCCC-494B-BC7E-92F078BBC797}.Release|Any CPU.ActiveCfg = Release|Any CPU
		{995F77E7-DCCC-494B-BC7E-92F078BBC797}.Release|Any CPU.Build.0 = Release|Any CPU
		{81951D3E-12D4-44C3-B570-AB9FCC6D844D}.Debug|Any CPU.ActiveCfg = Debug|Any CPU
		{81951D3E-12D4-44C3-B570-AB9FCC6D844D}.Debug|Any CPU.Build.0 = Debug|Any CPU
		{81951D3E-12D4-44C3-B570-AB9FCC6D844D}.Release|Any CPU.ActiveCfg = Release|Any CPU
		{81951D3E-12D4-44C3-B570-AB9FCC6D844D}.Release|Any CPU.Build.0 = Release|Any CPU
		{2C9B4E83-1A77-496B-8D00-C549A9B50964}.Debug|Any CPU.ActiveCfg = Debug|Any CPU
		{2C9B4E83-1A77-496B-8D00-C549A9B50964}.Debug|Any CPU.Build.0 = Debug|Any CPU
		{2C9B4E83-1A77-496B-8D00-C549A9B50964}.Release|Any CPU.ActiveCfg = Release|Any CPU
		{2C9B4E83-1A77-496B-8D00-C549A9B50964}.Release|Any CPU.Build.0 = Release|Any CPU
		{29093412-65F1-4C41-BC38-45329DFF44F5}.Debug|Any CPU.ActiveCfg = Debug|Any CPU
		{29093412-65F1-4C41-BC38-45329DFF44F5}.Debug|Any CPU.Build.0 = Debug|Any CPU
		{29093412-65F1-4C41-BC38-45329DFF44F5}.Release|Any CPU.ActiveCfg = Release|Any CPU
		{29093412-65F1-4C41-BC38-45329DFF44F5}.Release|Any CPU.Build.0 = Release|Any CPU
		{03D1C2F2-CD6D-4837-9973-0D53D00BC30F}.Debug|Any CPU.ActiveCfg = Debug|Any CPU
		{03D1C2F2-CD6D-4837-9973-0D53D00BC30F}.Debug|Any CPU.Build.0 = Debug|Any CPU
		{03D1C2F2-CD6D-4837-9973-0D53D00BC30F}.Release|Any CPU.ActiveCfg = Release|Any CPU
		{03D1C2F2-CD6D-4837-9973-0D53D00BC30F}.Release|Any CPU.Build.0 = Release|Any CPU
		{0603586F-6702-4DA3-92EB-54C53EA3B078}.Debug|Any CPU.ActiveCfg = Debug|Any CPU
		{0603586F-6702-4DA3-92EB-54C53EA3B078}.Debug|Any CPU.Build.0 = Debug|Any CPU
		{0603586F-6702-4DA3-92EB-54C53EA3B078}.Release|Any CPU.ActiveCfg = Release|Any CPU
		{0603586F-6702-4DA3-92EB-54C53EA3B078}.Release|Any CPU.Build.0 = Release|Any CPU
		{BE993E5D-237D-4BCF-9F66-1DD2943B9502}.Debug|Any CPU.ActiveCfg = Debug|Any CPU
		{BE993E5D-237D-4BCF-9F66-1DD2943B9502}.Debug|Any CPU.Build.0 = Debug|Any CPU
		{BE993E5D-237D-4BCF-9F66-1DD2943B9502}.Release|Any CPU.ActiveCfg = Release|Any CPU
		{BE993E5D-237D-4BCF-9F66-1DD2943B9502}.Release|Any CPU.Build.0 = Release|Any CPU
		{D6F9C8D7-2783-4A4E-9C09-3FFFAF77C654}.Debug|Any CPU.ActiveCfg = Debug|Any CPU
		{D6F9C8D7-2783-4A4E-9C09-3FFFAF77C654}.Debug|Any CPU.Build.0 = Debug|Any CPU
		{D6F9C8D7-2783-4A4E-9C09-3FFFAF77C654}.Release|Any CPU.ActiveCfg = Release|Any CPU
		{D6F9C8D7-2783-4A4E-9C09-3FFFAF77C654}.Release|Any CPU.Build.0 = Release|Any CPU
		{E4CC6F44-FB6B-4878-96DE-902BBD5EE96F}.Debug|Any CPU.ActiveCfg = Debug|Any CPU
		{E4CC6F44-FB6B-4878-96DE-902BBD5EE96F}.Debug|Any CPU.Build.0 = Debug|Any CPU
		{E4CC6F44-FB6B-4878-96DE-902BBD5EE96F}.Release|Any CPU.ActiveCfg = Release|Any CPU
		{E4CC6F44-FB6B-4878-96DE-902BBD5EE96F}.Release|Any CPU.Build.0 = Release|Any CPU
		{B5057FBA-D44E-47DD-B7E5-E7385AB3F29C}.Debug|Any CPU.ActiveCfg = Debug|Any CPU
		{B5057FBA-D44E-47DD-B7E5-E7385AB3F29C}.Debug|Any CPU.Build.0 = Debug|Any CPU
		{B5057FBA-D44E-47DD-B7E5-E7385AB3F29C}.Release|Any CPU.ActiveCfg = Release|Any CPU
		{B5057FBA-D44E-47DD-B7E5-E7385AB3F29C}.Release|Any CPU.Build.0 = Release|Any CPU
		{64A15D8F-EAA8-4D31-9063-91D17F885962}.Debug|Any CPU.ActiveCfg = Debug|Any CPU
		{64A15D8F-EAA8-4D31-9063-91D17F885962}.Debug|Any CPU.Build.0 = Debug|Any CPU
		{64A15D8F-EAA8-4D31-9063-91D17F885962}.Release|Any CPU.ActiveCfg = Release|Any CPU
		{64A15D8F-EAA8-4D31-9063-91D17F885962}.Release|Any CPU.Build.0 = Release|Any CPU
		{1422FEFE-B224-49D2-BF16-C0AEC7727CE1}.Debug|Any CPU.ActiveCfg = Debug|Any CPU
		{1422FEFE-B224-49D2-BF16-C0AEC7727CE1}.Debug|Any CPU.Build.0 = Debug|Any CPU
		{1422FEFE-B224-49D2-BF16-C0AEC7727CE1}.Release|Any CPU.ActiveCfg = Release|Any CPU
		{1422FEFE-B224-49D2-BF16-C0AEC7727CE1}.Release|Any CPU.Build.0 = Release|Any CPU
		{FE6BE23C-98B3-4053-953B-E3B2B7A2954B}.Debug|Any CPU.ActiveCfg = Debug|Any CPU
		{FE6BE23C-98B3-4053-953B-E3B2B7A2954B}.Debug|Any CPU.Build.0 = Debug|Any CPU
		{FE6BE23C-98B3-4053-953B-E3B2B7A2954B}.Release|Any CPU.ActiveCfg = Release|Any CPU
		{FE6BE23C-98B3-4053-953B-E3B2B7A2954B}.Release|Any CPU.Build.0 = Release|Any CPU
		{AC17362A-0F54-4FAD-81E1-4F938101285B}.Debug|Any CPU.ActiveCfg = Debug|Any CPU
		{AC17362A-0F54-4FAD-81E1-4F938101285B}.Debug|Any CPU.Build.0 = Debug|Any CPU
		{AC17362A-0F54-4FAD-81E1-4F938101285B}.Release|Any CPU.ActiveCfg = Release|Any CPU
		{AC17362A-0F54-4FAD-81E1-4F938101285B}.Release|Any CPU.Build.0 = Release|Any CPU
		{3214DE15-7DA2-4132-8781-FD14B4A2FE17}.Debug|Any CPU.ActiveCfg = Debug|Any CPU
		{3214DE15-7DA2-4132-8781-FD14B4A2FE17}.Debug|Any CPU.Build.0 = Debug|Any CPU
		{3214DE15-7DA2-4132-8781-FD14B4A2FE17}.Release|Any CPU.ActiveCfg = Release|Any CPU
		{3214DE15-7DA2-4132-8781-FD14B4A2FE17}.Release|Any CPU.Build.0 = Release|Any CPU
		{1560DF49-EC11-4900-92F7-2B5CBFB6568B}.Debug|Any CPU.ActiveCfg = Debug|Any CPU
		{1560DF49-EC11-4900-92F7-2B5CBFB6568B}.Debug|Any CPU.Build.0 = Debug|Any CPU
		{1560DF49-EC11-4900-92F7-2B5CBFB6568B}.Release|Any CPU.ActiveCfg = Release|Any CPU
		{1560DF49-EC11-4900-92F7-2B5CBFB6568B}.Release|Any CPU.Build.0 = Release|Any CPU
		{65490C09-272E-420F-9FB0-BF3C25E1BF80}.Debug|Any CPU.ActiveCfg = Debug|Any CPU
		{65490C09-272E-420F-9FB0-BF3C25E1BF80}.Debug|Any CPU.Build.0 = Debug|Any CPU
		{65490C09-272E-420F-9FB0-BF3C25E1BF80}.Release|Any CPU.ActiveCfg = Release|Any CPU
		{65490C09-272E-420F-9FB0-BF3C25E1BF80}.Release|Any CPU.Build.0 = Release|Any CPU
		{3A8568FF-104A-4F4F-88E3-F781073424E5}.Debug|Any CPU.ActiveCfg = Debug|Any CPU
		{3A8568FF-104A-4F4F-88E3-F781073424E5}.Debug|Any CPU.Build.0 = Debug|Any CPU
		{3A8568FF-104A-4F4F-88E3-F781073424E5}.Release|Any CPU.ActiveCfg = Release|Any CPU
		{3A8568FF-104A-4F4F-88E3-F781073424E5}.Release|Any CPU.Build.0 = Release|Any CPU
		{29B3EABD-5645-488C-8880-2F4AFF52F039}.Debug|Any CPU.ActiveCfg = Debug|Any CPU
		{29B3EABD-5645-488C-8880-2F4AFF52F039}.Debug|Any CPU.Build.0 = Debug|Any CPU
		{29B3EABD-5645-488C-8880-2F4AFF52F039}.Release|Any CPU.ActiveCfg = Release|Any CPU
		{29B3EABD-5645-488C-8880-2F4AFF52F039}.Release|Any CPU.Build.0 = Release|Any CPU
		{7C4B7A61-A12C-4002-9F79-1642CB328CF2}.Debug|Any CPU.ActiveCfg = Debug|Any CPU
		{7C4B7A61-A12C-4002-9F79-1642CB328CF2}.Debug|Any CPU.Build.0 = Debug|Any CPU
		{7C4B7A61-A12C-4002-9F79-1642CB328CF2}.Release|Any CPU.ActiveCfg = Release|Any CPU
		{7C4B7A61-A12C-4002-9F79-1642CB328CF2}.Release|Any CPU.Build.0 = Release|Any CPU
		{A1F12306-AA36-40D2-A8D5-05191D334FFE}.Debug|Any CPU.ActiveCfg = Debug|Any CPU
		{A1F12306-AA36-40D2-A8D5-05191D334FFE}.Debug|Any CPU.Build.0 = Debug|Any CPU
		{A1F12306-AA36-40D2-A8D5-05191D334FFE}.Release|Any CPU.ActiveCfg = Release|Any CPU
		{A1F12306-AA36-40D2-A8D5-05191D334FFE}.Release|Any CPU.Build.0 = Release|Any CPU
	EndGlobalSection
	GlobalSection(SolutionProperties) = preSolution
		HideSolutionNode = FALSE
	EndGlobalSection
	GlobalSection(NestedProjects) = preSolution
		{0BD291DE-A83F-4793-9939-67061BDEF1AE} = {AE1D64E9-2D68-45BB-8299-3581B65C6E04}
		{D1CE97FB-6FE8-4A68-8BE8-B76C6F544F27} = {E76CA1A8-F71D-4E84-BE93-5F6E54FF7D79}
		{8F906F51-6858-4283-8723-98F49C9342E7} = {DBA64623-FC26-4CA5-B552-4268B3F118EA}
		{F5DC70F6-C7A9-4FC9-9B3D-70CDC0FA1946} = {0BD291DE-A83F-4793-9939-67061BDEF1AE}
		{2F5BE0B6-0571-4EBA-A0A6-0B9D6CD2AEDE} = {257D5B79-EC20-492B-A214-6B9D76C0013B}
		{995F77E7-DCCC-494B-BC7E-92F078BBC797} = {257D5B79-EC20-492B-A214-6B9D76C0013B}
		{81951D3E-12D4-44C3-B570-AB9FCC6D844D} = {257D5B79-EC20-492B-A214-6B9D76C0013B}
		{2C9B4E83-1A77-496B-8D00-C549A9B50964} = {0BD291DE-A83F-4793-9939-67061BDEF1AE}
		{0603586F-6702-4DA3-92EB-54C53EA3B078} = {257D5B79-EC20-492B-A214-6B9D76C0013B}
		{D6F9C8D7-2783-4A4E-9C09-3FFFAF77C654} = {257D5B79-EC20-492B-A214-6B9D76C0013B}
		{E4CC6F44-FB6B-4878-96DE-902BBD5EE96F} = {257D5B79-EC20-492B-A214-6B9D76C0013B}
		{B5057FBA-D44E-47DD-B7E5-E7385AB3F29C} = {257D5B79-EC20-492B-A214-6B9D76C0013B}
		{64A15D8F-EAA8-4D31-9063-91D17F885962} = {257D5B79-EC20-492B-A214-6B9D76C0013B}
		{FE6BE23C-98B3-4053-953B-E3B2B7A2954B} = {0BD291DE-A83F-4793-9939-67061BDEF1AE}
		{AC17362A-0F54-4FAD-81E1-4F938101285B} = {257D5B79-EC20-492B-A214-6B9D76C0013B}
		{A0BFE7FA-9ADA-4415-9311-29F61DD42D7D} = {AE1D64E9-2D68-45BB-8299-3581B65C6E04}
		{3214DE15-7DA2-4132-8781-FD14B4A2FE17} = {A0BFE7FA-9ADA-4415-9311-29F61DD42D7D}
		{1560DF49-EC11-4900-92F7-2B5CBFB6568B} = {A0BFE7FA-9ADA-4415-9311-29F61DD42D7D}
		{6F974FDB-D7E4-44E0-9DD6-415C03F605BD} = {0BD291DE-A83F-4793-9939-67061BDEF1AE}
		{65490C09-272E-420F-9FB0-BF3C25E1BF80} = {0BD291DE-A83F-4793-9939-67061BDEF1AE}
		{0652817C-6052-49A2-BD7C-368994BD023A} = {6F974FDB-D7E4-44E0-9DD6-415C03F605BD}
		{3A8568FF-104A-4F4F-88E3-F781073424E5} = {0652817C-6052-49A2-BD7C-368994BD023A}
		{BE993E5D-237D-4BCF-9F66-1DD2943B9502} = {0652817C-6052-49A2-BD7C-368994BD023A}
		{DD5C07DE-BB01-4414-A455-D83BD4F333A6} = {6F974FDB-D7E4-44E0-9DD6-415C03F605BD}
		{03D1C2F2-CD6D-4837-9973-0D53D00BC30F} = {DD5C07DE-BB01-4414-A455-D83BD4F333A6}
		{DBFE1BB1-DD46-42A3-99D2-5BFD9D9C7796} = {DD5C07DE-BB01-4414-A455-D83BD4F333A6}
		{4626CEC8-F120-4AEA-9286-A23625E33CA8} = {6F974FDB-D7E4-44E0-9DD6-415C03F605BD}
		{1422FEFE-B224-49D2-BF16-C0AEC7727CE1} = {4626CEC8-F120-4AEA-9286-A23625E33CA8}
		{29B3EABD-5645-488C-8880-2F4AFF52F039} = {0652817C-6052-49A2-BD7C-368994BD023A}
		{9B589BD2-45A4-4595-B89E-385E0FF71CE5} = {6F974FDB-D7E4-44E0-9DD6-415C03F605BD}
		{29093412-65F1-4C41-BC38-45329DFF44F5} = {6F974FDB-D7E4-44E0-9DD6-415C03F605BD}
		{7C4B7A61-A12C-4002-9F79-1642CB328CF2} = {0652817C-6052-49A2-BD7C-368994BD023A}
		{A1F12306-AA36-40D2-A8D5-05191D334FFE} = {0652817C-6052-49A2-BD7C-368994BD023A}
	EndGlobalSection
	GlobalSection(ExtensibilityGlobals) = postSolution
		SolutionGuid = {BCE6D6AC-1FCF-437D-87BD-EA135E67597C}
	EndGlobalSection
EndGlobal
